
Microsoft Visual Studio Solution File, Format Version 12.00
# Visual Studio 15
VisualStudioVersion = 15.0.28307.757
MinimumVisualStudioVersion = 10.0.40219.1
Project("{FAE04EC0-301F-11D3-BF4B-00C04F79EFBC}") = "SampleWebApi", "SampleWebApi\SampleWebApi.csproj", "{FE29D7CA-BE61-45D1-AAB1-4A0A53822628}"
EndProject
Project("{FAE04EC0-301F-11D3-BF4B-00C04F79EFBC}") = "MessageRouterFixture.Tests", "MessageRouterFixture.Tests\MessageRouterFixture.Tests.csproj", "{D1C8C86A-8AE4-40E6-9A8A-28EA831BC00E}"
EndProject
Global
	GlobalSection(SolutionConfigurationPlatforms) = preSolution
		Debug|Any CPU = Debug|Any CPU
		Release|Any CPU = Release|Any CPU
	EndGlobalSection
	GlobalSection(ProjectConfigurationPlatforms) = postSolution
		{FE29D7CA-BE61-45D1-AAB1-4A0A53822628}.Debug|Any CPU.ActiveCfg = Debug|Any CPU
		{FE29D7CA-BE61-45D1-AAB1-4A0A53822628}.Debug|Any CPU.Build.0 = Debug|Any CPU
		{FE29D7CA-BE61-45D1-AAB1-4A0A53822628}.Release|Any CPU.ActiveCfg = Release|Any CPU
		{FE29D7CA-BE61-45D1-AAB1-4A0A53822628}.Release|Any CPU.Build.0 = Release|Any CPU
		{D1C8C86A-8AE4-40E6-9A8A-28EA831BC00E}.Debug|Any CPU.ActiveCfg = Debug|Any CPU
		{D1C8C86A-8AE4-40E6-9A8A-28EA831BC00E}.Debug|Any CPU.Build.0 = Debug|Any CPU
		{D1C8C86A-8AE4-40E6-9A8A-28EA831BC00E}.Release|Any CPU.ActiveCfg = Release|Any CPU
		{D1C8C86A-8AE4-40E6-9A8A-28EA831BC00E}.Release|Any CPU.Build.0 = Release|Any CPU
	EndGlobalSection
	GlobalSection(SolutionProperties) = preSolution
		HideSolutionNode = FALSE
	EndGlobalSection
	GlobalSection(ExtensibilityGlobals) = postSolution
		SolutionGuid = {24A12EDF-C689-41E4-9CD7-9C1C1858B85C}
	EndGlobalSection
EndGlobal
